
Microsoft Visual Studio Solution File, Format Version 12.00
# Visual Studio Version 16
VisualStudioVersion = 16.0.31005.135
MinimumVisualStudioVersion = 10.0.40219.1
Project("{9A19103F-16F7-4668-BE54-9A1E7A4F7556}") = "Entities", "Entities\Entities.csproj", "{425D6195-F857-45EE-A351-D8D26C726D11}"
EndProject
Project("{9A19103F-16F7-4668-BE54-9A1E7A4F7556}") = "DataAccess", "DataAccess\DataAccess.csproj", "{41D184B2-94C0-43A5-92A6-C7405EFB8904}"
EndProject
Project("{9A19103F-16F7-4668-BE54-9A1E7A4F7556}") = "Business", "Business\Business.csproj", "{9D217B23-40BE-46CF-8B57-EC0C56C80472}"
EndProject
Project("{9A19103F-16F7-4668-BE54-9A1E7A4F7556}") = "ConsoleUI", "ConsoleUI\ConsoleUI.csproj", "{E98D36D4-AD4A-432A-88D8-54CB21F84FA9}"
EndProject
Project("{9A19103F-16F7-4668-BE54-9A1E7A4F7556}") = "Core", "Core\Core.csproj", "{113856BB-2CB7-4D13-A517-DCAA58F9B261}"
EndProject
Project("{FAE04EC0-301F-11D3-BF4B-00C04F79EFBC}") = "WebAPI", "WebAPI\WebAPI.csproj", "{F3BD3FC2-BB20-4E20-91C8-B8F72B0A9AA7}"
EndProject
Global
	GlobalSection(SolutionConfigurationPlatforms) = preSolution
		Debug|Any CPU = Debug|Any CPU
		Release|Any CPU = Release|Any CPU
	EndGlobalSection
	GlobalSection(ProjectConfigurationPlatforms) = postSolution
		{425D6195-F857-45EE-A351-D8D26C726D11}.Debug|Any CPU.ActiveCfg = Debug|Any CPU
		{425D6195-F857-45EE-A351-D8D26C726D11}.Debug|Any CPU.Build.0 = Debug|Any CPU
		{425D6195-F857-45EE-A351-D8D26C726D11}.Release|Any CPU.ActiveCfg = Release|Any CPU
		{425D6195-F857-45EE-A351-D8D26C726D11}.Release|Any CPU.Build.0 = Release|Any CPU
		{41D184B2-94C0-43A5-92A6-C7405EFB8904}.Debug|Any CPU.ActiveCfg = Debug|Any CPU
		{41D184B2-94C0-43A5-92A6-C7405EFB8904}.Debug|Any CPU.Build.0 = Debug|Any CPU
		{41D184B2-94C0-43A5-92A6-C7405EFB8904}.Release|Any CPU.ActiveCfg = Release|Any CPU
		{41D184B2-94C0-43A5-92A6-C7405EFB8904}.Release|Any CPU.Build.0 = Release|Any CPU
		{9D217B23-40BE-46CF-8B57-EC0C56C80472}.Debug|Any CPU.ActiveCfg = Debug|Any CPU
		{9D217B23-40BE-46CF-8B57-EC0C56C80472}.Debug|Any CPU.Build.0 = Debug|Any CPU
		{9D217B23-40BE-46CF-8B57-EC0C56C80472}.Release|Any CPU.ActiveCfg = Release|Any CPU
		{9D217B23-40BE-46CF-8B57-EC0C56C80472}.Release|Any CPU.Build.0 = Release|Any CPU
		{E98D36D4-AD4A-432A-88D8-54CB21F84FA9}.Debug|Any CPU.ActiveCfg = Debug|Any CPU
		{E98D36D4-AD4A-432A-88D8-54CB21F84FA9}.Debug|Any CPU.Build.0 = Debug|Any CPU
		{E98D36D4-AD4A-432A-88D8-54CB21F84FA9}.Release|Any CPU.ActiveCfg = Release|Any CPU
		{E98D36D4-AD4A-432A-88D8-54CB21F84FA9}.Release|Any CPU.Build.0 = Release|Any CPU
		{113856BB-2CB7-4D13-A517-DCAA58F9B261}.Debug|Any CPU.ActiveCfg = Debug|Any CPU
		{113856BB-2CB7-4D13-A517-DCAA58F9B261}.Debug|Any CPU.Build.0 = Debug|Any CPU
		{113856BB-2CB7-4D13-A517-DCAA58F9B261}.Release|Any CPU.ActiveCfg = Release|Any CPU
		{113856BB-2CB7-4D13-A517-DCAA58F9B261}.Release|Any CPU.Build.0 = Release|Any CPU
		{F3BD3FC2-BB20-4E20-91C8-B8F72B0A9AA7}.Debug|Any CPU.ActiveCfg = Debug|Any CPU
		{F3BD3FC2-BB20-4E20-91C8-B8F72B0A9AA7}.Debug|Any CPU.Build.0 = Debug|Any CPU
		{F3BD3FC2-BB20-4E20-91C8-B8F72B0A9AA7}.Release|Any CPU.ActiveCfg = Release|Any CPU
		{F3BD3FC2-BB20-4E20-91C8-B8F72B0A9AA7}.Release|Any CPU.Build.0 = Release|Any CPU
	EndGlobalSection
	GlobalSection(SolutionProperties) = preSolution
		HideSolutionNode = FALSE
	EndGlobalSection
	GlobalSection(ExtensibilityGlobals) = postSolution
		SolutionGuid = {AA7D2315-7ED4-4E51-8679-9C76DA09A41A}
	EndGlobalSection
EndGlobal
